{
  "lockfile_version": "1",
  "packages": {
    "kind@0.23.0": {
      "last_modified": "2024-07-20T09:11:00Z",
      "resolved": "github:NixOS/nixpkgs/6e14bbce7bea6c4efd7adfa88a40dac750d80100#kind",
      "source": "devbox-search",
      "version": "0.23.0",
      "systems": {
        "aarch64-darwin": {
          "outputs": [
            {
              "name": "out",
              "path": "/nix/store/kn3x8vljiwhbz2p9fh6dhvff2r57m892-kind-0.23.0",
              "default": true
            }
          ],
          "store_path": "/nix/store/kn3x8vljiwhbz2p9fh6dhvff2r57m892-kind-0.23.0"
        },
        "aarch64-linux": {
          "outputs": [
            {
              "name": "out",
              "path": "/nix/store/pwmwgq2jfnxhzg7n7f4bl7b0pqjdiw5s-kind-0.23.0",
              "default": true
            }
          ],
          "store_path": "/nix/store/pwmwgq2jfnxhzg7n7f4bl7b0pqjdiw5s-kind-0.23.0"
        },
        "x86_64-darwin": {
          "outputs": [
            {
              "name": "out",
              "path": "/nix/store/84yfg589787wmrvcb9i3vchv3l9yrd05-kind-0.23.0",
              "default": true
            }
          ],
          "store_path": "/nix/store/84yfg589787wmrvcb9i3vchv3l9yrd05-kind-0.23.0"
        },
        "x86_64-linux": {
          "outputs": [
            {
              "name": "out",
              "path": "/nix/store/myyvm5vrs2axpahfw74bgpax6fw7nmxa-kind-0.23.0",
              "default": true
            }
          ],
          "store_path": "/nix/store/myyvm5vrs2axpahfw74bgpax6fw7nmxa-kind-0.23.0"
        }
      }
    },
    "kubectl@1.30.2": {
      "last_modified": "2024-07-07T07:43:47Z",
      "resolved": "github:NixOS/nixpkgs/b60793b86201040d9dee019a05089a9150d08b5b#kubectl",
      "source": "devbox-search",
      "version": "1.30.2",
      "systems": {
        "aarch64-darwin": {
          "outputs": [
            {
              "name": "out",
              "path": "/nix/store/i1zidf41bkfzs2l1pq9fi1frymsfgywc-kubectl-1.30.2",
              "default": true
            },
            {
              "name": "man",
              "path": "/nix/store/dzxnn9mk9plcx3w9862jyd0nxys2yywz-kubectl-1.30.2-man",
              "default": true
            },
            {
              "name": "convert",
              "path": "/nix/store/v9ij5fnxxa02jkzpjvkbxw2jc4p9cbld-kubectl-1.30.2-convert"
            }
          ],
          "store_path": "/nix/store/i1zidf41bkfzs2l1pq9fi1frymsfgywc-kubectl-1.30.2"
        },
        "aarch64-linux": {
          "outputs": [
            {
              "name": "out",
              "path": "/nix/store/k7ql4247qs6ny27m3iz5c9xf5gb248a2-kubectl-1.30.2",
              "default": true
            },
            {
              "name": "man",
              "path": "/nix/store/wy64r4nn3isydw4nx257h95qy2x2z4mx-kubectl-1.30.2-man",
              "default": true
            },
            {
              "name": "convert",
              "path": "/nix/store/ic8za302hvb4kf4zrs55ivr4q2n2lznn-kubectl-1.30.2-convert"
            }
          ],
          "store_path": "/nix/store/k7ql4247qs6ny27m3iz5c9xf5gb248a2-kubectl-1.30.2"
        },
        "x86_64-darwin": {
          "outputs": [
            {
              "name": "out",
              "path": "/nix/store/v029n959l5b289br0cq591b04yc48516-kubectl-1.30.2",
              "default": true
            },
            {
              "name": "man",
              "path": "/nix/store/0dvcxn7gsi2ycy9blb7pcy506w4xp2vi-kubectl-1.30.2-man",
              "default": true
            },
            {
              "name": "convert",
              "path": "/nix/store/2nfq4ivwa4a7jwc0183f2wpl1jxbn754-kubectl-1.30.2-convert"
            }
          ],
          "store_path": "/nix/store/v029n959l5b289br0cq591b04yc48516-kubectl-1.30.2"
        },
        "x86_64-linux": {
          "outputs": [
            {
              "name": "out",
              "path": "/nix/store/3vkf0406s1i6l89hk5wrakh4bbn0p1p2-kubectl-1.30.2",
              "default": true
            },
            {
              "name": "man",
              "path": "/nix/store/3wbvgkkka1knkxvyr4c8qbpr448smw8i-kubectl-1.30.2-man",
              "default": true
            },
            {
              "name": "convert",
              "path": "/nix/store/h5zxz8db6wligwhw5gnwk4gbc8j1ixik-kubectl-1.30.2-convert"
            }
          ],
          "store_path": "/nix/store/3vkf0406s1i6l89hk5wrakh4bbn0p1p2-kubectl-1.30.2"
        }
      }
    },
    "kubernetes-helm@3.15.3": {
      "last_modified": "2024-07-20T09:11:00Z",
      "resolved": "github:NixOS/nixpkgs/6e14bbce7bea6c4efd7adfa88a40dac750d80100#kubernetes-helm",
      "source": "devbox-search",
      "version": "3.15.3",
      "systems": {
        "aarch64-darwin": {
          "outputs": [
            {
              "name": "out",
              "path": "/nix/store/z4w7bnylg9h3f543yrf9bcwkxzfs82z2-kubernetes-helm-3.15.3",
              "default": true
            }
          ],
          "store_path": "/nix/store/z4w7bnylg9h3f543yrf9bcwkxzfs82z2-kubernetes-helm-3.15.3"
        },
        "aarch64-linux": {
          "outputs": [
            {
              "name": "out",
              "path": "/nix/store/aa4jksq9ljgha8plw5cqyxf60n931dir-kubernetes-helm-3.15.3",
              "default": true
            }
          ],
          "store_path": "/nix/store/aa4jksq9ljgha8plw5cqyxf60n931dir-kubernetes-helm-3.15.3"
        },
        "x86_64-darwin": {
          "outputs": [
            {
              "name": "out",
              "path": "/nix/store/5gjk6w3agm49ljiwi991ailvmw35zq1j-kubernetes-helm-3.15.3",
              "default": true
            }
          ],
          "store_path": "/nix/store/5gjk6w3agm49ljiwi991ailvmw35zq1j-kubernetes-helm-3.15.3"
        },
        "x86_64-linux": {
          "outputs": [
            {
              "name": "out",
              "path": "/nix/store/n4p0zh1s8jz9mqf1r1pki23kviq4waa7-kubernetes-helm-3.15.3",
              "default": true
            }
          ],
          "store_path": "/nix/store/n4p0zh1s8jz9mqf1r1pki23kviq4waa7-kubernetes-helm-3.15.3"
        }
      }
    },
    "zellij@0.40.1": {
      "last_modified": "2024-07-07T07:43:47Z",
      "resolved": "github:NixOS/nixpkgs/b60793b86201040d9dee019a05089a9150d08b5b#zellij",
      "source": "devbox-search",
      "version": "0.40.1",
      "systems": {
        "aarch64-darwin": {
          "outputs": [
            {
              "name": "out",
              "path": "/nix/store/1gx58bi9arn0gp53gw4bj4zx3wqmslam-zellij-0.40.1",
              "default": true
            }
          ],
          "store_path": "/nix/store/1gx58bi9arn0gp53gw4bj4zx3wqmslam-zellij-0.40.1"
        },
        "aarch64-linux": {
          "outputs": [
            {
              "name": "out",
              "path": "/nix/store/m43yv7j923c6s36gpgdx093h3jkhxg7s-zellij-0.40.1",
              "default": true
            }
          ],
          "store_path": "/nix/store/m43yv7j923c6s36gpgdx093h3jkhxg7s-zellij-0.40.1"
        },
        "x86_64-darwin": {
          "outputs": [
            {
              "name": "out",
              "path": "/nix/store/kinaj01pfzz56854f4prnmnsvv19hvbv-zellij-0.40.1",
              "default": true
            }
          ],
          "store_path": "/nix/store/kinaj01pfzz56854f4prnmnsvv19hvbv-zellij-0.40.1"
        },
        "x86_64-linux": {
          "outputs": [
            {
              "name": "out",
              "path": "/nix/store/005pgg0i3n6accb20mjs42mpn1bp3lgl-zellij-0.40.1",
              "default": true
            }
          ],
          "store_path": "/nix/store/005pgg0i3n6accb20mjs42mpn1bp3lgl-zellij-0.40.1"
        }
      }
    }
  }
}
